
Microsoft Visual Studio Solution File, Format Version 12.00
# Visual Studio Version 16
VisualStudioVersion = 16.0.29403.142
MinimumVisualStudioVersion = 10.0.40219.1
Project("{FAE04EC0-301F-11D3-BF4B-00C04F79EFBC}") = "WPF_Polukhin2.0", "WPF_Polukhin2.0\WPF_Polukhin2.0.csproj", "{5A3F4787-A450-486B-9D99-B2775D85F515}"
EndProject
Global
	GlobalSection(SolutionConfigurationPlatforms) = preSolution
		Debug|Any CPU = Debug|Any CPU
		Release|Any CPU = Release|Any CPU
	EndGlobalSection
	GlobalSection(ProjectConfigurationPlatforms) = postSolution
		{5A3F4787-A450-486B-9D99-B2775D85F515}.Debug|Any CPU.ActiveCfg = Debug|Any CPU
		{5A3F4787-A450-486B-9D99-B2775D85F515}.Debug|Any CPU.Build.0 = Debug|Any CPU
		{5A3F4787-A450-486B-9D99-B2775D85F515}.Release|Any CPU.ActiveCfg = Release|Any CPU
		{5A3F4787-A450-486B-9D99-B2775D85F515}.Release|Any CPU.Build.0 = Release|Any CPU
	EndGlobalSection
	GlobalSection(SolutionProperties) = preSolution
		HideSolutionNode = FALSE
	EndGlobalSection
	GlobalSection(ExtensibilityGlobals) = postSolution
		SolutionGuid = {5EA703CA-F591-4E31-80AB-469EC09762DD}
	EndGlobalSection
EndGlobal
